
Microsoft Visual Studio Solution File, Format Version 12.00
# Visual Studio Version 17
VisualStudioVersion = 17.5.002.0
MinimumVisualStudioVersion = 10.0.40219.1
Project("{9A19103F-16F7-4668-BE54-9A1E7A4F7556}") = "mslearn-dotnet-files", "mslearn-dotnet-files.csproj", "{A8946812-F09F-455F-9866-3986776388AF}"
EndProject
Global
	GlobalSection(SolutionConfigurationPlatforms) = preSolution
		Debug|Any CPU = Debug|Any CPU
		Release|Any CPU = Release|Any CPU
	EndGlobalSection
	GlobalSection(ProjectConfigurationPlatforms) = postSolution
		{A8946812-F09F-455F-9866-3986776388AF}.Debug|Any CPU.ActiveCfg = Debug|Any CPU
		{A8946812-F09F-455F-9866-3986776388AF}.Debug|Any CPU.Build.0 = Debug|Any CPU
		{A8946812-F09F-455F-9866-3986776388AF}.Release|Any CPU.ActiveCfg = Release|Any CPU
		{A8946812-F09F-455F-9866-3986776388AF}.Release|Any CPU.Build.0 = Release|Any CPU
	EndGlobalSection
	GlobalSection(SolutionProperties) = preSolution
		HideSolutionNode = FALSE
	EndGlobalSection
	GlobalSection(ExtensibilityGlobals) = postSolution
		SolutionGuid = {C59343B5-E1B1-40E0-B54F-1A0B05A9DBB2}
	EndGlobalSection
EndGlobal
